// !$*UTF8*$!
{
	archiveVersion = 1;
	classes = {
	};
	objectVersion = 56;
	objects = {

/* Begin PBXBuildFile section */
		055F231D2BEB852900236471 /* AppDelegate.swift in Sources */ = {isa = PBXBuildFile; fileRef = 055F231C2BEB852900236471 /* AppDelegate.swift */; };
		055F231F2BEB852900236471 /* SceneDelegate.swift in Sources */ = {isa = PBXBuildFile; fileRef = 055F231E2BEB852900236471 /* SceneDelegate.swift */; };
		055F23212BEB852900236471 /* ViewController.swift in Sources */ = {isa = PBXBuildFile; fileRef = 055F23202BEB852900236471 /* ViewController.swift */; };
		055F23242BEB852900236471 /* Assets.xcassets in Resources */ = {isa = PBXBuildFile; fileRef = 055F23232BEB852900236471 /* Assets.xcassets */; };
		055F23272BEB852900236471 /* LaunchScreen.storyboard in Resources */ = {isa = PBXBuildFile; fileRef = 055F23252BEB852900236471 /* LaunchScreen.storyboard */; };
		055F232C2BEB852A00236471 /* Pods-App.debug.xcconfig in Resources */ = {isa = PBXBuildFile; fileRef = 055F232B2BEB852A00236471 /* Pods-App.debug.xcconfig */; };
		055F232D2BEB852A00236471 /* Pods-App.release.xcconfig in Resources */ = {isa = PBXBuildFile; fileRef = 055F232A2BEB852A00236471 /* Pods-App.release.xcconfig */; };
		2378D44A2928DD850024B436 /* capacitor-cordova-ios-plugins in Frameworks */ = {isa = PBXBuildFile; fileRef = 2378D4492928DD850024B436 /* capacitor-cordova-ios-plugins */; };
/* End PBXBuildFile section */

/* Begin PBXContainerItemProxy section */
		2378D44C2928DD850024B436 /* PBXContainerItemProxy */ = {
			isa = PBXContainerItemProxy;
			containerPortal = 2378D4472928DD850024B436 /* Pods.xcodeproj */;
			proxyType = 1;
			remoteGlobalIDString = 13943E3D1A60C383008C362A;
			remoteInfo = "capacitor-cordova-ios-plugins";
		};
/* End PBXContainerItemProxy section */

/* Begin PBXFileReference section */
		055F23182BEB852900236471 /* App */ = {isa = PBXFileReference; explicitFileType = wrapper.application; includeInIndex = 0; path = App.app; sourceTree = BUILT_PRODUCTS_DIR; };
		055F231C2BEB852900236471 /* AppDelegate.swift */ = {isa = PBXFileReference; lastKnownFileType = sourcecode.swift; path = AppDelegate.swift; sourceTree = "<group>"; };
		055F231E2BEB852900236471 /* SceneDelegate.swift */ = {isa = PBXFileReference; lastKnownFileType = sourcecode.swift; path = SceneDelegate.swift; sourceTree = "<group>"; };
		055F23202BEB852900236471 /* ViewController.swift */ = {isa = PBXFileReference; lastKnownFileType = sourcecode.swift; path = ViewController.swift; sourceTree = "<group>"; };
		055F23232BEB852900236471 /* Assets.xcassets */ = {isa = PBXFileReference; lastKnownFileType = folder.assetcatalog; path = Assets.xcassets; sourceTree = "<group>"; };
		055F23252BEB852900236471 /* LaunchScreen.storyboard */ = {isa = PBXFileReference; lastKnownFileType = file.storyboard; path = LaunchScreen.storyboard; sourceTree = "<group>"; };
		055F23292BEB852900236471 /* Info.plist */ = {isa = PBXFileReference; lastKnownFileType = text.plist.xml; path = Info.plist; sourceTree = "<group>"; };
		055F232A2BEB852A00236471 /* Pods-App.release.xcconfig */ = {isa = PBXFileReference; includeInIndex = 1; lastKnownFileType = text.xcconfig; name = "Pods-App.release.xcconfig"; path = "Pods/Target Support Files/Pods-App/Pods-App.release.xcconfig"; sourceTree = "<group>"; };
		055F232B2BEB852A00236471 /* Pods-App.debug.xcconfig */ = {isa = PBXFileReference; includeInIndex = 1; lastKnownFileType = text.xcconfig; name = "Pods-App.debug.xcconfig"; path = "Pods/Target Support Files/Pods-App/Pods-App.debug.xcconfig"; sourceTree = "<group>"; };
		2378D4492928DD850024B436 /* capacitor-cordova-ios-plugins */ = {isa = PBXFileReference; explicitFileType = "text.xcconfig"; includeInIndex = 1; name = "capacitor-cordova-ios-plugins"; path = "Pods/Target Support Files/capacitor-cordova-ios-plugins/capacitor-cordova-ios-plugins.xcconfig"; remoteRef = 2378D44C2928DD850024B436 /* PBXContainerItemProxy */; sourceTree = BUILT_PRODUCTS_DIR; };
		E9B4896225B5FAB80036254E /* Pods_App.framework */ = {isa = PBXFileReference; explicitFileType = wrapper.framework; name = "Pods_App.framework"; path = "Pods_App.framework"; sourceTree = BUILT_PRODUCTS_DIR; };
/* End PBXFileReference section */

/* Begin PBXFrameworksBuildPhase section */
		055F23152BEB852900236471 /* Frameworks */ = {
			isa = PBXFrameworksBuildPhase;
			buildActionMask = 2147483647;
			files = (
				2378D44A2928DD850024B436 /* capacitor-cordova-ios-plugins in Frameworks */,
			);
			runOnlyForDeploymentPostprocessing = 0;
		};
/* End PBXFrameworksBuildPhase section */

/* Begin PBXGroup section */
		055F23112BEB852900236471 = {
			isa = PBXGroup;
			children = (
				055F231A2BEB852900236471 /* App */,
				055F23192BEB852900236471 /* Products */,
				055F232E2BEB852A00236471 /* Pods */,
				055F232F2BEB852B00236471 /* Frameworks */,
			);
			sourceTree = "<group>";
		};
		055F23192BEB852900236471 /* Products */ = {
			isa = PBXGroup;
			children = (
				055F23182BEB852900236471 /* App */,
			);
			name = Products;
			sourceTree = "<group>";
		};
		055F231A2BEB852900236471 /* App */ = {
			isa = PBXGroup;
			children = (
				055F231B2BEB852900236471 /* App */,
				055F23222BEB852900236471 /* Base.lproj */,
				055F23292BEB852900236471 /* Info.plist */,
				2378D4482928DD850024B436 /* Pods */,
			);
			path = App;
			sourceTree = "<group>";
		};
		055F231B2BEB852900236471 /* App */ = {
			isa = PBXGroup;
			children = (
				055F231C2BEB852900236471 /* AppDelegate.swift */,
				055F231E2BEB852900236471 /* SceneDelegate.swift */,
				055F23202BEB852900236471 /* ViewController.swift */,
				055F23232BEB852900236471 /* Assets.xcassets */,
			);
			path = App;
			sourceTree = "<group>";
		};
		055F23222BEB852900236471 /* Base.lproj */ = {
			isa = PBXGroup;
			children = (
				055F23252BEB852900236471 /* LaunchScreen.storyboard */,
			);
			path = Base.lproj;
			sourceTree = "<group>";
		};
		055F232E2BEB852A00236471 /* Pods */ = {
			isa = PBXGroup;
			children = (
				055F232B2BEB852A00236471 /* Pods-App.debug.xcconfig */,
				055F232A2BEB852A00236471 /* Pods-App.release.xcconfig */,
				2378D4492928DD850024B436 /* capacitor-cordova-ios-plugins */,
			);
			name = Pods;
			sourceTree = "<group>";
		};
		055F232F2BEB852B00236471 /* Frameworks */ = {
			isa = PBXGroup;
			children = (
				E9B4896225B5FAB80036254E /* Pods_App.framework */,
			);
			name = Frameworks;
			sourceTree = "<group>";
		};
		2378D4472928DD850024B436 /* Pods.xcodeproj */ = {
			isa = PBXGroup;
			name = "Pods.xcodeproj";
			path = Pods/Pods.xcodeproj;
			sourceTree = BUILT_PRODUCTS_DIR;
		};
		2378D4482928DD850024B436 /* Pods */ = {
			isa = PBXGroup;
			children = (
				2378D4472928DD850024B436 /* Pods.xcodeproj */,
			);
			name = Pods;
			sourceTree = "<group>";
		};
/* End PBXGroup section */

/* Begin PBXNativeTarget section */
		055F23172BEB852900236471 /* App */ = {
			isa = PBXNativeTarget;
			buildConfigurationList = 055F232A2BEB852900236471 /* Build configuration list for PBXNativeTarget "App" */;
			buildPhases = (
				055F23142BEB852900236471 /* Sources */,
				055F23152BEB852900236471 /* Frameworks */,
				055F23162BEB852900236471 /* Resources */,
				E9B4896125B5FAB80036254E /* Copy Pods Resources */,
				E9B4896325B5FAB80036254E /* Embed Pods Frameworks */,
			);
			buildRules = (
			);
			dependencies = (
			);
			name = App;
			packageType = "com.apple.product-type.application";
			productName = App;
			productReference = 055F23182BEB852900236471 /* App */;
			productType = "com.apple.product-type.application";
		};
/* End PBXNativeTarget section */

/* Begin PBXProject section */
		055F23122BEB852900236471 /* Project object */ = {
			isa = PBXProject;
			attributes = {
				LastUpgradeCheck = 1530;
				TargetAttributes = {
					055F23172BEB852900236471 = {
						CreatedOnToolsVersion = 15.3;
						ProvisioningStyle = Automatic;
					};
				};
			};
			buildConfigurationList = 055F23132BEB852900236471 /* Build configuration list for PBXProject "App" */;
			compatibilityVersion = "Xcode 14.0";
			developmentRegion = en;
			hasScannedForEncodings = 0;
			knownRegions = (
				en,
				Base,
			);
			mainGroup = 055F23112BEB852900236471;
			productRefGroup = 055F23192BEB852900236471 /* Products */;
			projectDirPath = "";
			projectRoot = "";
			targets = (
				055F23172BEB852900236471 /* App */,
			);
		};
/* End PBXProject section */

/* Begin PBXResourcesBuildPhase section */
		055F23162BEB852900236471 /* Resources */ = {
			isa = PBXResourcesBuildPhase;
			buildActionMask = 2147483647;
			files = (
				055F23272BEB852900236471 /* LaunchScreen.storyboard in Resources */,
				055F23242BEB852900236471 /* Assets.xcassets in Resources */,
			);
			runOnlyForDeploymentPostprocessing = 0;
		};
/* End PBXResourcesBuildPhase section */

/* Begin PBXShellScriptBuildPhase section */
		E9B4896125B5FAB80036254E /* Copy Pods Resources */ = {
			isa = PBXShellScriptBuildPhase;
			buildActionMask = 2147483647;
			files = (
			);
			inputFileListPaths = (
			);
			name = "Copy Pods Resources";
			outputFileListPaths = (
			);
			runOnlyForDeploymentPostprocessing = 0;
			shellPath = /bin/sh;
			shellScript = "\"${SRCROOT}/Pods/Target Support Files/Pods-App/Pods-App-resources.sh\"\n";
		};
		E9B4896325B5FAB80036254E /* Embed Pods Frameworks */ = {
			isa = PBXShellScriptBuildPhase;
			buildActionMask = 2147483647;
			files = (
			);
			inputFileListPaths = (
			);
			name = "Embed Pods Frameworks";
			outputFileListPaths = (
			);
			runOnlyForDeploymentPostprocessing = 0;
			shellPath = /bin/sh;
			shellScript = "\"${SRCROOT}/Pods/Target Support Files/Pods-App/Pods-App-frameworks.sh\"\n";
		};
/* End PBXShellScriptBuildPhase section */

/* Begin PBXSourcesBuildPhase section */
		055F23142BEB852900236471 /* Sources */ = {
			isa = PBXSourcesBuildPhase;
			buildActionMask = 2147483647;
			files = (
				055F231D2BEB852900236471 /* AppDelegate.swift in Sources */,
				055F231F2BEB852900236471 /* SceneDelegate.swift in Sources */,
				055F23212BEB852900236471 /* ViewController.swift in Sources */,
			);
			runOnlyForDeploymentPostprocessing = 0;
		};
/* End PBXSourcesBuildPhase section */

/* Begin XCBuildConfiguration section */
		055F23282BEB852900236471 /* Debug */ = {
			isa = XCBuildConfiguration;
			buildSettings = {
				ASSETCATALOG_COMPILER_APPICON_NAME = AppIcon;
				ASSETCATALOG_COMPILER_GLOBAL_ACCENT_COLOR_NAME = AccentColor;
				CLANG_ANALYZER_NONNULL = YES;
				CLANG_ANALYZER_NUMBER_OBJECT_CONVERSION = YES_AGGRESSIVE;
				CLANG_CXX_LANGUAGE_STANDARD = "gnu++20";
				CLANG_ENABLE_OBJC_WEAK = YES;
				CLANG_WARN_DOCUMENTATION_COMMENTS = YES;
				CLANG_WARN_QUOTED_INCLUDE_IN_FRAMEWORK_HEADER = YES;
				CLANG_WARN_UNGUARDED_AVAILABILITY = YES_AGGRESSIVE;
				CODE_SIGN_STYLE = Automatic;
				CURRENT_PROJECT_VERSION = 1;
				DEBUG_INFORMATION_FORMAT = dwarf;
				DEVELOPMENT_TEAM = "";
				ENABLE_PREVIEWS = YES;
				GCC_C_LANGUAGE_STANDARD = gnu11;
				GCC_NO_COMMON_BLOCKS = YES;
				GCC_WARN_64_TO_32_BIT_CONVERSION = YES;
				GCC_WARN_ABOUT_RETURN_TYPE = YES_ERROR;
				GCC_WARN_UNDECLARED_SELECTOR = YES;
				GCC_WARN_UNINITIALIZED_AUTOS = YES_AGGRESSIVE;
				GCC_WARN_UNUSED_FUNCTION = YES;
				GCC_WARN_UNUSED_VARIABLE = YES;
				IPHONEOS_DEPLOYMENT_TARGET = 13.0;
				MARKETING_VERSION = 1.0;
				MTL_FAST_MATH = YES;
				PRODUCT_BUNDLE_IDENTIFIER = "com.nesberry.mealgenna.pro";
				PRODUCT_NAME = "$(TARGET_NAME)";
				SWIFT_ACTIVE_COMPILATION_CONDITIONS = DEBUG;
				SWIFT_EMIT_LOC_STRINGS = YES;
				SWIFT_OPTIMIZATION_LEVEL = "-Onone";
				SWIFT_VERSION = 5.0;
				TARGETED_DEVICE_FAMILY = "1,2";
			};
			name = Debug;
		};
		055F23292BEB852900236471 /* Release */ = {
			isa = XCBuildConfiguration;
			buildSettings = {
				ASSETCATALOG_COMPILER_APPICON_NAME = AppIcon;
				ASSETCATALOG_COMPILER_GLOBAL_ACCENT_COLOR_NAME = AccentColor;
				CLANG_ANALYZER_NONNULL = YES;
				CLANG_ANALYZER_NUMBER_OBJECT_CONVERSION = YES_AGGRESSIVE;
				CLANG_CXX_LANGUAGE_STANDARD = "gnu++20";
				CLANG_ENABLE_OBJC_WEAK = YES;
				CLANG_WARN_DOCUMENTATION_COMMENTS = YES;
				CLANG_WARN_QUOTED_INCLUDE_IN_FRAMEWORK_HEADER = YES;
				CLANG_WARN_UNGUARDED_AVAILABILITY = YES_AGGRESSIVE;
				CODE_SIGN_STYLE = Automatic;
				CURRENT_PROJECT_VERSION = 1;
				DEBUG_INFORMATION_FORMAT = "dwarf-with-dsym";
				DEVELOPMENT_TEAM = "";
				ENABLE_PREVIEWS = YES;
				GCC_C_LANGUAGE_STANDARD = gnu11;
				GCC_NO_COMMON_BLOCKS = YES;
				GCC_WARN_64_TO_32_BIT_CONVERSION = YES;
				GCC_WARN_ABOUT_RETURN_TYPE = YES_ERROR;
				GCC_WARN_UNDECLARED_SELECTOR = YES;
				GCC_WARN_UNINITIALIZED_AUTOS = YES_AGGRESSIVE;
				GCC_WARN_UNUSED_FUNCTION = YES;
				GCC_WARN_UNUSED_VARIABLE = YES;
				IPHONEOS_DEPLOYMENT_TARGET = 13.0;
				MARKETING_VERSION = 1.0;
				MTL_FAST_MATH = YES;
				PRODUCT_BUNDLE_IDENTIFIER = "com.nesberry.mealgenna.pro";
				PRODUCT_NAME = "$(TARGET_NAME)";
				SWIFT_EMIT_LOC_STRINGS = YES;
				SWIFT_OPTIMIZATION_LEVEL = "-Owholemodule";
				SWIFT_VERSION = 5.0;
				TARGETED_DEVICE_FAMILY = "1,2";
			};
			name = Release;
		};
		055F232C2BEB852900236471 /* Debug */ = {
			isa = XCBuildConfiguration;
			baseConfigurationReference = 055F232B2BEB852A00236471 /* Pods-App.debug.xcconfig */;
			buildSettings = {
				ASSETCATALOG_COMPILER_APPICON_NAME = AppIcon;
				CODE_SIGN_STYLE = Automatic;
				CURRENT_PROJECT_VERSION = 1;
				DEVELOPMENT_TEAM = "";
				INFOPLIST_FILE = App/Info.plist;
				IPHONEOS_DEPLOYMENT_TARGET = 13.0;
				LD_RUNPATH_SEARCH_PATHS = (
					"$(inherited)",
					"@executable_path/Frameworks",
				);
				MARKETING_VERSION = 1.0;
				PRODUCT_BUNDLE_IDENTIFIER = com.nesberry.mealgenna.pro;
				PRODUCT_NAME = MealGenna;
				SWIFT_VERSION = 5.0;
				TARGETED_DEVICE_FAMILY = "1,2";
				SWIFT_EMIT_LOC_STRINGS = YES;
				ENABLE_PREVIEWS = YES;
				ASSETCATALOG_COMPILER_GLOBAL_ACCENT_COLOR_NAME = AccentColor;
			};
			name = Debug;
		};
		055F232D2BEB852900236471 /* Release */ = {
			isa = XCBuildConfiguration;
			baseConfigurationReference = 055F232A2BEB852A00236471 /* Pods-App.release.xcconfig */;
			buildSettings = {
				ASSETCATALOG_COMPILER_APPICON_NAME = AppIcon;
				CODE_SIGN_STYLE = Automatic;
				CURRENT_PROJECT_VERSION = 1;
				DEVELOPMENT_TEAM = "";
				INFOPLIST_FILE = App/Info.plist;
				IPHONEOS_DEPLOYMENT_TARGET = 13.0;
				LD_RUNPATH_SEARCH_PATHS = (
					"$(inherited)",
					"@executable_path/Frameworks",
				);
				MARKETING_VERSION = 1.0;
				PRODUCT_BUNDLE_IDENTIFIER = com.nesberry.mealgenna.pro;
				PRODUCT_NAME = MealGenna;
				SWIFT_VERSION = 5.0;
				TARGETED_DEVICE_FAMILY = "1,2";
				SWIFT_EMIT_LOC_STRINGS = YES;
				ENABLE_PREVIEWS = YES;
				ASSETCATALOG_COMPILER_GLOBAL_ACCENT_COLOR_NAME = AccentColor;
			};
			name = Release;
		};
/* End XCBuildConfiguration section */

/* Begin XCConfigurationList section */
		055F23132BEB852900236471 /* Build configuration list for PBXProject "App" */ = {
			isa = XCConfigurationList;
			buildConfigurations = (
				055F23282BEB852900236471 /* Debug */,
				055F23292BEB852900236471 /* Release */,
			);
			defaultConfigurationIsVisible = 0;
			defaultConfigurationName = Release;
		};
		055F232A2BEB852900236471 /* Build configuration list for PBXNativeTarget "App" */ = {
			isa = XCConfigurationList;
			buildConfigurations = (
				055F232C2BEB852900236471 /* Debug */,
				055F232D2BEB852900236471 /* Release */,
			);
			defaultConfigurationIsVisible = 0;
			defaultConfigurationName = Release;
		};
/* End XCConfigurationList section */
	};
	rootObject = 055F23122BEB852900236471 /* Project object */;
}
