// !$*UTF8*$!
{
	archiveVersion = 1;
	classes = {
	};
	objectVersion = 56;
	objects = {

/* Begin PBXBuildFile section */
		0599119B2BBA83A000A38166 /* capacitor-cordova-ios-plugins in Pods */ = {isa = PBXBuildFile; productRef = 0599119A2BBA83A000A38166 /* capacitor-cordova-ios-plugins */; };
		235D628628F2D54900228E12 /* Pods_App.framework in Frameworks */ = {isa = PBXBuildFile; productRef = 235D628528F2D54900228E12 /* Pods_App.framework */; };
		23727A6028F2A0390022359A /* AppDelegate.swift in Sources */ = {isa = PBXBuildFile; fileRef = 23727A5F28F2A0390022359A /* AppDelegate.swift */; };
		23727A6228F2A0390022359A /* SceneDelegate.swift in Sources */ = {isa = PBXBuildFile; fileRef = 23727A6128F2A0390022359A /* SceneDelegate.swift */; };
		23727A6428F2A0390022359A /* ViewController.swift in Sources */ = {isa = PBXBuildFile; fileRef = 23727A6328F2A0390022359A /* ViewController.swift */; };
		23727A6828F2A03C0022359A /* Main.storyboard in Resources */ = {isa = PBXBuildFile; fileRef = 23727A6628F2A03C0022359A /* Main.storyboard */; };
		23727A6B28F2A03C0022359A /* Assets.xcassets in Resources */ = {isa = PBXBuildFile; fileRef = 23727A6A28F2A03C0022359A /* Assets.xcassets */; };
		23727A6E28F2A03C0022359A /* LaunchScreen.storyboard in Resources */ = {isa = PBXBuildFile; fileRef = 23727A6C28F2A03C0022359A /* LaunchScreen.storyboard */; };
/* End PBXBuildFile section */

/* Begin PBXContainerItemProxy section */
		23727A7928F2A03D0022359A /* PBXContainerItemProxy */ = {
			isa = PBXContainerItemProxy;
			containerPortal = 23727A5328F2A0390022359A /* Project object */;
			proxyType = 1;
			remoteGlobalIDString = 23727A5D28F2A0390022359A;
			remoteInfo = App;
		};
/* End PBXContainerItemProxy section */

/* Begin PBXFileReference section */
		0599119A2BBA83A000A38166 /* capacitor-cordova-ios-plugins */ = {isa = PBXFileReference; explicitFileType = "text.xcconfig"; includeInIndex = 0; path = "capacitor-cordova-ios-plugins"; sourceTree = "<group>"; };
		235D628528F2D54900228E12 /* Pods_App.framework */ = {isa = PBXFileReference; explicitFileType = wrapper.framework; includeInIndex = 0; path = Pods_App.framework; sourceTree = BUILT_PRODUCTS_DIR; };
		23727A5A28F2A0390022359A /* App.app */ = {isa = PBXFileReference; explicitFileType = wrapper.application; includeInIndex = 0; path = App.app; sourceTree = BUILT_PRODUCTS_DIR; };
		23727A5F28F2A0390022359A /* AppDelegate.swift */ = {isa = PBXFileReference; lastKnownFileType = sourcecode.swift; path = AppDelegate.swift; sourceTree = "<group>"; };
		23727A6128F2A0390022359A /* SceneDelegate.swift */ = {isa = PBXFileReference; lastKnownFileType = sourcecode.swift; path = SceneDelegate.swift; sourceTree = "<group>"; };
		23727A6328F2A0390022359A /* ViewController.swift */ = {isa = PBXFileReference; lastKnownFileType = sourcecode.swift; path = ViewController.swift; sourceTree = "<group>"; };
		23727A6728F2A03C0022359A /* Base */ = {isa = PBXFileReference; lastKnownFileType = file.storyboard; name = Base; path = Base.lproj/Main.storyboard; sourceTree = "<group>"; };
		23727A6A28F2A03C0022359A /* Assets.xcassets */ = {isa = PBXFileReference; lastKnownFileType = folder.assetcatalog; path = Assets.xcassets; sourceTree = "<group>"; };
		23727A6D28F2A03C0022359A /* Base */ = {isa = PBXFileReference; lastKnownFileType = file.storyboard; name = Base; path = Base.lproj/LaunchScreen.storyboard; sourceTree = "<group>"; };
		23727A6F28F2A03D0022359A /* Info.plist */ = {isa = PBXFileReference; lastKnownFileType = text.plist.xml; path = Info.plist; sourceTree = "<group>"; };
		23727A7B28F2A03D0022359A /* Pods-App.debug.xcconfig */ = {isa = PBXFileReference; includeInIndex = 1; lastKnownFileType = text.xcconfig; name = "Pods-App.debug.xcconfig"; path = "Pods/Target Support Files/Pods-App/Pods-App.debug.xcconfig"; sourceTree = "<group>"; };
		23727A7C28F2A03D0022359A /* Pods-App.release.xcconfig */ = {isa = PBXFileReference; includeInIndex = 1; lastKnownFileType = text.xcconfig; name = "Pods-App.release.xcconfig"; path = "Pods/Target Support Files/Pods-App/Pods-App.release.xcconfig"; sourceTree = "<group>"; };
		23727A7D28F2A03D0022359A /* App.xcdatamodeld */ = {isa = PBXFileReference; lastKnownFileType = wrapper.xcdatamodel; path = App.xcdatamodeld; sourceTree = "<group>"; };
/* End PBXFileReference section */

/* Begin PBXFrameworksBuildPhase section */
		23727A5728F2A0390022359A /* Frameworks */ = {
			isa = PBXFrameworksBuildPhase;
			buildActionMask = 2147483647;
			files = (
				235D628628F2D54900228E12 /* Pods_App.framework in Frameworks */,
			);
			runOnlyForDeploymentPostprocessing = 0;
		};
/* End PBXFrameworksBuildPhase section */

/* Begin PBXGroup section */
		235D628428F2D54900228E12 /* Pods */ = {
			isa = PBXGroup;
			children = (
				23727A7B28F2A03D0022359A /* Pods-App.debug.xcconfig */,
				23727A7C28F2A03D0022359A /* Pods-App.release.xcconfig */,
			);
			name = Pods;
			sourceTree = "<group>";
		};
		23727A5228F2A0390022359A = {
			isa = PBXGroup;
			children = (
				23727A5E28F2A0390022359A /* App */,
				23727A5B28F2A0390022359A /* Products */,
				235D628428F2D54900228E12 /* Pods */,
				0599119B2BBA83A000A38166 /* capacitor-cordova-ios-plugins in Pods */,
			);
			sourceTree = "<group>";
		};
		23727A5B28F2A0390022359A /* Products */ = {
			isa = PBXGroup;
			children = (
				23727A5A28F2A0390022359A /* App.app */,
			);
			name = Products;
			sourceTree = "<group>";
		};
		23727A5E28F2A0390022359A /* App */ = {
			isa = PBXGroup;
			children = (
				23727A5F28F2A0390022359A /* AppDelegate.swift */,
				23727A6128F2A0390022359A /* SceneDelegate.swift */,
				23727A6328F2A0390022359A /* ViewController.swift */,
				23727A6628F2A03C0022359A /* Main.storyboard */,
				23727A6A28F2A03C0022359A /* Assets.xcassets */,
				23727A6C28F2A03C0022359A /* LaunchScreen.storyboard */,
				23727A6F28F2A03D0022359A /* Info.plist */,
				23727A7D28F2A03D0022359A /* App.xcdatamodeld */,
			);
			path = App;
			sourceTree = "<group>";
		};
/* End PBXGroup section */

/* Begin PBXNativeTarget section */
		23727A5D28F2A0390022359A /* App */ = {
			isa = PBXNativeTarget;
			buildConfigurationList = 23727A7228F2A03D0022359A /* Build configuration list for PBXNativeTarget "App" */;
			buildPhases = (
				23727A5428F2A0390022359A /* [CP] Check Pods Manifest.lock */,
				23727A5628F2A0390022359A /* Sources */,
				23727A5728F2A0390022359A /* Frameworks */,
				23727A5828F2A0390022359A /* Resources */,
				23727A5528F2A0390022359A /* [CP] Embed Pods Frameworks */,
			);
			buildRules = (
			);
			dependencies = (
				23727A7A28F2A03D0022359A /* PBXTargetDependency */,
			);
			name = App;
			productName = App;
			productReference = 23727A5A28F2A0390022359A /* App.app */;
			productType = "com.apple.product-type.application";
		};
/* End PBXNativeTarget section */

/* Begin PBXProject section */
		23727A5328F2A0390022359A /* Project object */ = {
			isa = PBXProject;
			attributes = {
				LastUpgradeCheck = 1250;
				TargetAttributes = {
					23727A5D28F2A0390022359A = {
						CreatedOnToolsVersion = 12.5;
						ProvisioningStyle = Automatic;
					};
				};
			};
			buildConfigurationList = 23727A5C28F2A0390022359A /* Build configuration list for PBXProject "App" */;
			compatibilityVersion = "Xcode 9.3";
			developmentRegion = en;
			hasScannedForEncodings = 0;
			knownRegions = (
				en,
				Base,
			);
			mainGroup = 23727A5228F2A0390022359A;
			productRefGroup = 23727A5B28F2A0390022359A /* Products */;
			projectDirPath = "";
			projectRoot = "";
			targets = (
				23727A5D28F2A0390022359A /* App */,
			);
		};
/* End PBXProject section */

/* Begin PBXResourcesBuildPhase section */
		23727A5828F2A0390022359A /* Resources */ = {
			isa = PBXResourcesBuildPhase;
			buildActionMask = 2147483647;
			files = (
				23727A6B28F2A03C0022359A /* Assets.xcassets in Resources */,
				23727A6E28F2A03C0022359A /* LaunchScreen.storyboard in Resources */,
				23727A6828F2A03C0022359A /* Main.storyboard in Resources */,
			);
			runOnlyForDeploymentPostprocessing = 0;
		};
/* End PBXResourcesBuildPhase section */

/* Begin PBXShellScriptBuildPhase section */
		23727A5428F2A0390022359A /* [CP] Check Pods Manifest.lock */ = {
			isa = PBXShellScriptBuildPhase;
			buildActionMask = 2147483647;
			files = (
			);
			inputPaths = (
				"${PODS_PODFILE_DIR_PATH}/Podfile.lock",
				"${PODS_ROOT}/Manifest.lock",
			);
			name = "[CP] Check Pods Manifest.lock";
			outputPaths = (
				"$(DERIVED_FILE_DIR)/Pods-App-checkManifestLockResult.txt",
			);
			runOnlyForDeploymentPostprocessing = 0;
			shellPath = /bin/sh;
			shellScript = "diff \"${PODS_PODFILE_DIR_PATH}/Podfile.lock\" \"${PODS_ROOT}/Manifest.lock\" > /dev/null\nif [ $? != 0 ] ; then\n    # print error to Xcode's issue navigator\n    echo \"error: The sandbox is not in sync with the Podfile.lock. Run 'pod install' or update your CocoaPods installation.\" >&2\n    exit 1\nfi\n# This output is used by Xcode 'outputs' to avoid re-running this script phase.\necho \"SUCCESS\" > \"${DERIVED_FILE_DIR}/Pods-App-checkManifestLockResult.txt\"\n";
			showEnvVarsInLog = 0;
		};
		23727A5528F2A0390022359A /* [CP] Embed Pods Frameworks */ = {
			isa = PBXShellScriptBuildPhase;
			buildActionMask = 2147483647;
			files = (
			);
			inputPaths = (
				"${PODS_ROOT}/Target Support Files/Pods-App/Pods-App-frameworks.sh",
				"${BUILT_PRODUCTS_DIR}/Capacitor/Capacitor.framework",
				"${BUILT_PRODUCTS_DIR}/CapacitorCordova/CapacitorCordova.framework",
				"${BUILT_PRODUCTS_DIR}/PurchasesHybridCommon/PurchasesHybridCommon.framework",
				"${BUILT_PRODUCTS_DIR}/RevenueCat/RevenueCat.framework",
			);
			name = "[CP] Embed Pods Frameworks";
			outputPaths = (
				"${TARGET_BUILD_DIR}/${FRAMEWORKS_FOLDER_PATH}/Capacitor.framework",
				"${TARGET_BUILD_DIR}/${FRAMEWORKS_FOLDER_PATH}/CapacitorCordova.framework",
				"${TARGET_BUILD_DIR}/${FRAMEWORKS_FOLDER_PATH}/PurchasesHybridCommon.framework",
				"${TARGET_BUILD_DIR}/${FRAMEWORKS_FOLDER_PATH}/RevenueCat.framework",
			);
			runOnlyForDeploymentPostprocessing = 0;
			shellPath = /bin/sh;
			shellScript = "\"${PODS_ROOT}/Target Support Files/Pods-App/Pods-App-frameworks.sh\"\n";
			showEnvVarsInLog = 0;
		};
/* End PBXShellScriptBuildPhase section */

/* Begin PBXSourcesBuildPhase section */
		23727A5628F2A0390022359A /* Sources */ = {
			isa = PBXSourcesBuildPhase;
			buildActionMask = 2147483647;
			files = (
				23727A6428F2A0390022359A /* ViewController.swift in Sources */,
				23727A6028F2A0390022359A /* AppDelegate.swift in Sources */,
				23727A6228F2A0390022359A /* SceneDelegate.swift in Sources */,
			);
			runOnlyForDeploymentPostprocessing = 0;
		};
/* End PBXSourcesBuildPhase section */

/* Begin PBXTargetDependency section */
		23727A7A28F2A03D0022359A /* PBXTargetDependency */ = {
			isa = PBXTargetDependency;
			name = Pods_App;
			targetProxy = 23727A7928F2A03D0022359A /* PBXContainerItemProxy */;
		};
/* End PBXTargetDependency section */

/* Begin XCConfigurationList section */
		23727A5C28F2A0390022359A /* Build configuration list for PBXProject "App" */ = {
			isa = XCConfigurationList;
			buildConfigurations = (
				23727A7028F2A03D0022359A /* Debug */,
				23727A7128F2A03D0022359A /* Release */,
			);
			defaultConfigurationIsVisible = 0;
			defaultConfigurationName = Release;
		};
		23727A7228F2A03D0022359A /* Build configuration list for PBXNativeTarget "App" */ = {
			isa = XCConfigurationList;
			buildConfigurations = (
				23727A7328F2A03D0022359A /* Debug */,
				23727A7428F2A03D0022359A /* Release */,
			);
			defaultConfigurationIsVisible = 0;
			defaultConfigurationName = Release;
		};
/* End XCConfigurationList section */

/* Begin XCVersionGroup section */
		23727A7D28F2A03D0022359A /* App.xcdatamodeld */ = {
			isa = XCVersionGroup;
			children = (
			);
			currentVersion = 1;
			path = App.xcdatamodeld;
			sourceTree = "<group>";
			versionGroupType = wrapper.xcdatamodel;
		};
/* End XCVersionGroup section */

/* Begin XCWorkspaceData section */
		23727A6628F2A03C0022359A /* Main.storyboard */ = {
			isa = PBXFileReference;
			lastKnownFileType = file.storyboard;
			path = Main.storyboard;
			sourceTree = "<group>";
		};
		23727A6C28F2A03C0022359A /* LaunchScreen.storyboard */ = {
			isa = PBXFileReference;
			lastKnownFileType = file.storyboard;
			path = LaunchScreen.storyboard;
			sourceTree = "<group>";
		};
/* End XCWorkspaceData section */
	};
	rootObject = 23727A5328F2A0390022359A /* Project object */;
}
